// !$*UTF8*$!
{
	archiveVersion = 1;
	classes = {
	};
	objectVersion = 50;
	objects = {

/* Begin PBXBuildFile section */
		4CB823B02091706B00DF418C /* AppDelegate.swift in Sources */ = {isa = PBXBuildFile; fileRef = 4CB823AF2091706B00DF418C /* AppDelegate.swift */; };
		4CB823B52091706C00DF418C /* MainMenu.xib in Resources */ = {isa = PBXBuildFile; fileRef = 4CB823B32091706C00DF418C /* MainMenu.xib */; };
		4CB823BE209170BF00DF418C /* LoremIpsumGenerator.swift in Sources */ = {isa = PBXBuildFile; fileRef = 4CB823BD209170BF00DF418C /* LoremIpsumGenerator.swift */; };
		4CB823C0209170DB00DF418C /* Lexicon.plist in Resources */ = {isa = PBXBuildFile; fileRef = 4CB823BF209170DB00DF418C /* Lexicon.plist */; };
/* End PBXBuildFile section */

/* Begin PBXFileReference section */
		4CB823AC2091706B00DF418C /* LoremIpsum.service */ = {isa = PBXFileReference; explicitFileType = wrapper.application; includeInIndex = 0; path = LoremIpsum.service; sourceTree = BUILT_PRODUCTS_DIR; };
		4CB823AF2091706B00DF418C /* AppDelegate.swift */ = {isa = PBXFileReference; lastKnownFileType = sourcecode.swift; path = AppDelegate.swift; sourceTree = "<group>"; };
		4CB823B42091706C00DF418C /* Base */ = {isa = PBXFileReference; lastKnownFileType = file.xib; name = Base; path = Base.lproj/MainMenu.xib; sourceTree = "<group>"; };
		4CB823B62091706C00DF418C /* Info.plist */ = {isa = PBXFileReference; lastKnownFileType = text.plist.xml; path = Info.plist; sourceTree = "<group>"; };
		4CB823BD209170BF00DF418C /* LoremIpsumGenerator.swift */ = {isa = PBXFileReference; lastKnownFileType = sourcecode.swift; path = LoremIpsumGenerator.swift; sourceTree = "<group>"; };
		4CB823BF209170DB00DF418C /* Lexicon.plist */ = {isa = PBXFileReference; explicitFileType = file.bplist; fileEncoding = 4; path = Lexicon.plist; sourceTree = "<group>"; };
/* End PBXFileReference section */

/* Begin PBXFrameworksBuildPhase section */
		4CB823A92091706B00DF418C /* Frameworks */ = {
			isa = PBXFrameworksBuildPhase;
			buildActionMask = 2147483647;
			files = (
			);
			runOnlyForDeploymentPostprocessing = 0;
		};
/* End PBXFrameworksBuildPhase section */

/* Begin PBXGroup section */
		4CB823A32091706B00DF418C = {
			isa = PBXGroup;
			children = (
				4CB823AE2091706B00DF418C /* LoremIpsum */,
				4CB823AD2091706B00DF418C /* Products */,
			);
			sourceTree = "<group>";
		};
		4CB823AD2091706B00DF418C /* Products */ = {
			isa = PBXGroup;
			children = (
				4CB823AC2091706B00DF418C /* LoremIpsum.service */,
			);
			name = Products;
			sourceTree = "<group>";
		};
		4CB823AE2091706B00DF418C /* LoremIpsum */ = {
			isa = PBXGroup;
			children = (
				4CB823AF2091706B00DF418C /* AppDelegate.swift */,
				4CB823BD209170BF00DF418C /* LoremIpsumGenerator.swift */,
				4CB823BF209170DB00DF418C /* Lexicon.plist */,
				4CB823B62091706C00DF418C /* Info.plist */,
				4CB823B32091706C00DF418C /* MainMenu.xib */,
			);
			path = LoremIpsum;
			sourceTree = "<group>";
		};
/* End PBXGroup section */

/* Begin PBXNativeTarget section */
		4CB823AB2091706B00DF418C /* LoremIpsum */ = {
			isa = PBXNativeTarget;
			buildConfigurationList = 4CB823BA2091706C00DF418C /* Build configuration list for PBXNativeTarget "LoremIpsum" */;
			buildPhases = (
				4CB823A82091706B00DF418C /* Sources */,
				4CB823A92091706B00DF418C /* Frameworks */,
				4CB823AA2091706B00DF418C /* Resources */,
			);
			buildRules = (
			);
			dependencies = (
			);
			name = LoremIpsum;
			productName = LoremIpsum;
			productReference = 4CB823AC2091706B00DF418C /* LoremIpsum.service */;
			productType = "com.apple.product-type.application";
		};
/* End PBXNativeTarget section */

/* Begin PBXProject section */
		4CB823A42091706B00DF418C /* Project object */ = {
			isa = PBXProject;
			attributes = {
				LastSwiftUpdateCheck = 0930;
				LastUpgradeCheck = 0930;
				ORGANIZATIONNAME = "Prachi Gauriar";
				TargetAttributes = {
					4CB823AB2091706B00DF418C = {
						CreatedOnToolsVersion = 9.3;
					};
				};
			};
			buildConfigurationList = 4CB823A72091706B00DF418C /* Build configuration list for PBXProject "LoremIpsum" */;
			compatibilityVersion = "Xcode 9.3";
			developmentRegion = en;
			hasScannedForEncodings = 0;
			knownRegions = (
				en,
				Base,
			);
			mainGroup = 4CB823A32091706B00DF418C;
			productRefGroup = 4CB823AD2091706B00DF418C /* Products */;
			projectDirPath = "";
			projectRoot = "";
			targets = (
				4CB823AB2091706B00DF418C /* LoremIpsum */,
			);
		};
/* End PBXProject section */

/* Begin PBXResourcesBuildPhase section */
		4CB823AA2091706B00DF418C /* Resources */ = {
			isa = PBXResourcesBuildPhase;
			buildActionMask = 2147483647;
			files = (
				4CB823B52091706C00DF418C /* MainMenu.xib in Resources */,
				4CB823C0209170DB00DF418C /* Lexicon.plist in Resources */,
			);
			runOnlyForDeploymentPostprocessing = 0;
		};
/* End PBXResourcesBuildPhase section */

/* Begin PBXSourcesBuildPhase section */
		4CB823A82091706B00DF418C /* Sources */ = {
			isa = PBXSourcesBuildPhase;
			buildActionMask = 2147483647;
			files = (
				4CB823B02091706B00DF418C /* AppDelegate.swift in Sources */,
				4CB823BE209170BF00DF418C /* LoremIpsumGenerator.swift in Sources */,
			);
			runOnlyForDeploymentPostprocessing = 0;
		};
/* End PBXSourcesBuildPhase section */

/* Begin PBXVariantGroup section */
		4CB823B32091706C00DF418C /* MainMenu.xib */ = {
			isa = PBXVariantGroup;
			children = (
				4CB823B42091706C00DF418C /* Base */,
			);
			name = MainMenu.xib;
			sourceTree = "<group>";
		};
/* End PBXVariantGroup section */

/* Begin XCBuildConfiguration section */
		4CB823B82091706C00DF418C /* Debug */ = {
			isa = XCBuildConfiguration;
			buildSettings = {
				ALWAYS_SEARCH_USER_PATHS = NO;
				CLANG_ANALYZER_NONNULL = YES;
				CLANG_ANALYZER_NUMBER_OBJECT_CONVERSION = YES_AGGRESSIVE;
				CLANG_CXX_LANGUAGE_STANDARD = "gnu++14";
				CLANG_CXX_LIBRARY = "libc++";
				CLANG_ENABLE_MODULES = YES;
				CLANG_ENABLE_OBJC_ARC = YES;
				CLANG_ENABLE_OBJC_WEAK = YES;
				CLANG_WARN_BLOCK_CAPTURE_AUTORELEASING = YES;
				CLANG_WARN_BOOL_CONVERSION = YES;
				CLANG_WARN_COMMA = YES;
				CLANG_WARN_CONSTANT_CONVERSION = YES;
				CLANG_WARN_DEPRECATED_OBJC_IMPLEMENTATIONS = YES;
				CLANG_WARN_DIRECT_OBJC_ISA_USAGE = YES_ERROR;
				CLANG_WARN_DOCUMENTATION_COMMENTS = YES;
				CLANG_WARN_EMPTY_BODY = YES;
				CLANG_WARN_ENUM_CONVERSION = YES;
				CLANG_WARN_INFINITE_RECURSION = YES;
				CLANG_WARN_INT_CONVERSION = YES;
				CLANG_WARN_NON_LITERAL_NULL_CONVERSION = YES;
				CLANG_WARN_OBJC_IMPLICIT_RETAIN_SELF = YES;
				CLANG_WARN_OBJC_LITERAL_CONVERSION = YES;
				CLANG_WARN_OBJC_ROOT_CLASS = YES_ERROR;
				CLANG_WARN_RANGE_LOOP_ANALYSIS = YES;
				CLANG_WARN_STRICT_PROTOTYPES = YES;
				CLANG_WARN_SUSPICIOUS_MOVE = YES;
				CLANG_WARN_UNGUARDED_AVAILABILITY = YES_AGGRESSIVE;
				CLANG_WARN_UNREACHABLE_CODE = YES;
				CLANG_WARN__DUPLICATE_METHOD_MATCH = YES;
				CODE_SIGN_IDENTITY = "-";
				COPY_PHASE_STRIP = NO;
				DEBUG_INFORMATION_FORMAT = dwarf;
				ENABLE_STRICT_OBJC_MSGSEND = YES;
				ENABLE_TESTABILITY = YES;
				GCC_C_LANGUAGE_STANDARD = gnu11;
				GCC_DYNAMIC_NO_PIC = NO;
				GCC_NO_COMMON_BLOCKS = YES;
				GCC_OPTIMIZATION_LEVEL = 0;
				GCC_PREPROCESSOR_DEFINITIONS = (
					"DEBUG=1",
					"$(inherited)",
				);
				GCC_WARN_64_TO_32_BIT_CONVERSION = YES;
				GCC_WARN_ABOUT_RETURN_TYPE = YES_ERROR;
				GCC_WARN_UNDECLARED_SELECTOR = YES;
				GCC_WARN_UNINITIALIZED_AUTOS = YES_AGGRESSIVE;
				GCC_WARN_UNUSED_FUNCTION = YES;
				GCC_WARN_UNUSED_VARIABLE = YES;
				MACOSX_DEPLOYMENT_TARGET = 10.11;
				MTL_ENABLE_DEBUG_INFO = YES;
				ONLY_ACTIVE_ARCH = YES;
				SDKROOT = macosx;
				SWIFT_ACTIVE_COMPILATION_CONDITIONS = DEBUG;
				SWIFT_OPTIMIZATION_LEVEL = "-Onone";
			};
			name = Debug;
		};
		4CB823B92091706C00DF418C /* Release */ = {
			isa = XCBuildConfiguration;
			buildSettings = {
				ALWAYS_SEARCH_USER_PATHS = NO;
				CLANG_ANALYZER_NONNULL = YES;
				CLANG_ANALYZER_NUMBER_OBJECT_CONVERSION = YES_AGGRESSIVE;
				CLANG_CXX_LANGUAGE_STANDARD = "gnu++14";
				CLANG_CXX_LIBRARY = "libc++";
				CLANG_ENABLE_MODULES = YES;
				CLANG_ENABLE_OBJC_ARC = YES;
				CLANG_ENABLE_OBJC_WEAK = YES;
				CLANG_WARN_BLOCK_CAPTURE_AUTORELEASING = YES;
				CLANG_WARN_BOOL_CONVERSION = YES;
				CLANG_WARN_COMMA = YES;
				CLANG_WARN_CONSTANT_CONVERSION = YES;
				CLANG_WARN_DEPRECATED_OBJC_IMPLEMENTATIONS = YES;
				CLANG_WARN_DIRECT_OBJC_ISA_USAGE = YES_ERROR;
				CLANG_WARN_DOCUMENTATION_COMMENTS = YES;
				CLANG_WARN_EMPTY_BODY = YES;
				CLANG_WARN_ENUM_CONVERSION = YES;
				CLANG_WARN_INFINITE_RECURSION = YES;
				CLANG_WARN_INT_CONVERSION = YES;
				CLANG_WARN_NON_LITERAL_NULL_CONVERSION = YES;
				CLANG_WARN_OBJC_IMPLICIT_RETAIN_SELF = YES;
				CLANG_WARN_OBJC_LITERAL_CONVERSION = YES;
				CLANG_WARN_OBJC_ROOT_CLASS = YES_ERROR;
				CLANG_WARN_RANGE_LOOP_ANALYSIS = YES;
				CLANG_WARN_STRICT_PROTOTYPES = YES;
				CLANG_WARN_SUSPICIOUS_MOVE = YES;
				CLANG_WARN_UNGUARDED_AVAILABILITY = YES_AGGRESSIVE;
				CLANG_WARN_UNREACHABLE_CODE = YES;
				CLANG_WARN__DUPLICATE_METHOD_MATCH = YES;
				CODE_SIGN_IDENTITY = "-";
				COPY_PHASE_STRIP = NO;
				DEBUG_INFORMATION_FORMAT = "dwarf-with-dsym";
				ENABLE_NS_ASSERTIONS = NO;
				ENABLE_STRICT_OBJC_MSGSEND = YES;
				GCC_C_LANGUAGE_STANDARD = gnu11;
				GCC_NO_COMMON_BLOCKS = YES;
				GCC_WARN_64_TO_32_BIT_CONVERSION = YES;
				GCC_WARN_ABOUT_RETURN_TYPE = YES_ERROR;
				GCC_WARN_UNDECLARED_SELECTOR = YES;
				GCC_WARN_UNINITIALIZED_AUTOS = YES_AGGRESSIVE;
				GCC_WARN_UNUSED_FUNCTION = YES;
				GCC_WARN_UNUSED_VARIABLE = YES;
				MACOSX_DEPLOYMENT_TARGET = 10.11;
				MTL_ENABLE_DEBUG_INFO = NO;
				SDKROOT = macosx;
				SWIFT_COMPILATION_MODE = wholemodule;
				SWIFT_OPTIMIZATION_LEVEL = "-O";
			};
			name = Release;
		};
		4CB823BB2091706C00DF418C /* Debug */ = {
			isa = XCBuildConfiguration;
			buildSettings = {
				CODE_SIGN_STYLE = Manual;
				COMBINE_HIDPI_IMAGES = YES;
				DEVELOPMENT_TEAM = "";
				INFOPLIST_FILE = LoremIpsum/Info.plist;
				INSTALL_PATH = "$(LOCAL_LIBRARY_DIR)/Services";
				LD_RUNPATH_SEARCH_PATHS = (
					"$(inherited)",
					"@executable_path/../Frameworks",
				);
				PRODUCT_BUNDLE_IDENTIFIER = com.quantumlenscap.LoremIpsum;
				PRODUCT_NAME = "$(TARGET_NAME)";
				PROVISIONING_PROFILE_SPECIFIER = "";
				SWIFT_VERSION = 4.0;
				WRAPPER_EXTENSION = service;
			};
			name = Debug;
		};
		4CB823BC2091706C00DF418C /* Release */ = {
			isa = XCBuildConfiguration;
			buildSettings = {
				CODE_SIGN_STYLE = Manual;
				COMBINE_HIDPI_IMAGES = YES;
				DEVELOPMENT_TEAM = "";
				INFOPLIST_FILE = LoremIpsum/Info.plist;
				INSTALL_PATH = "$(LOCAL_LIBRARY_DIR)/Services";
				LD_RUNPATH_SEARCH_PATHS = (
					"$(inherited)",
					"@executable_path/../Frameworks",
				);
				PRODUCT_BUNDLE_IDENTIFIER = com.quantumlenscap.LoremIpsum;
				PRODUCT_NAME = "$(TARGET_NAME)";
				PROVISIONING_PROFILE_SPECIFIER = "";
				SWIFT_VERSION = 4.0;
				WRAPPER_EXTENSION = service;
			};
			name = Release;
		};
/* End XCBuildConfiguration section */

/* Begin XCConfigurationList section */
		4CB823A72091706B00DF418C /* Build configuration list for PBXProject "LoremIpsum" */ = {
			isa = XCConfigurationList;
			buildConfigurations = (
				4CB823B82091706C00DF418C /* Debug */,
				4CB823B92091706C00DF418C /* Release */,
			);
			defaultConfigurationIsVisible = 0;
			defaultConfigurationName = Release;
		};
		4CB823BA2091706C00DF418C /* Build configuration list for PBXNativeTarget "LoremIpsum" */ = {
			isa = XCConfigurationList;
			buildConfigurations = (
				4CB823BB2091706C00DF418C /* Debug */,
				4CB823BC2091706C00DF418C /* Release */,
			);
			defaultConfigurationIsVisible = 0;
			defaultConfigurationName = Release;
		};
/* End XCConfigurationList section */
	};
	rootObject = 4CB823A42091706B00DF418C /* Project object */;
}
